
Microsoft Visual Studio Solution File, Format Version 12.00
# Visual Studio Version 16
VisualStudioVersion = 16.0.31515.178
MinimumVisualStudioVersion = 10.0.40219.1
Project("{FAE04EC0-301F-11D3-BF4B-00C04F79EFBC}") = "SV.Framework.DAL.Inventory", "SV.Framework.DAL.Inventory\SV.Framework.DAL.Inventory.csproj", "{5DCABD5A-BD2C-4BA0-8C8E-FA0B54790522}"
EndProject
Global
	GlobalSection(SolutionConfigurationPlatforms) = preSolution
		Debug|Any CPU = Debug|Any CPU
		Release|Any CPU = Release|Any CPU
	EndGlobalSection
	GlobalSection(ProjectConfigurationPlatforms) = postSolution
		{5DCABD5A-BD2C-4BA0-8C8E-FA0B54790522}.Debug|Any CPU.ActiveCfg = Debug|Any CPU
		{5DCABD5A-BD2C-4BA0-8C8E-FA0B54790522}.Debug|Any CPU.Build.0 = Debug|Any CPU
		{5DCABD5A-BD2C-4BA0-8C8E-FA0B54790522}.Release|Any CPU.ActiveCfg = Release|Any CPU
		{5DCABD5A-BD2C-4BA0-8C8E-FA0B54790522}.Release|Any CPU.Build.0 = Release|Any CPU
	EndGlobalSection
	GlobalSection(SolutionProperties) = preSolution
		HideSolutionNode = FALSE
	EndGlobalSection
	GlobalSection(ExtensibilityGlobals) = postSolution
		SolutionGuid = {F433A100-1A9D-41E4-A828-A11D5450EB14}
	EndGlobalSection
EndGlobal
