
Microsoft Visual Studio Solution File, Format Version 12.00
# Visual Studio Version 16
VisualStudioVersion = 16.0.30225.117
MinimumVisualStudioVersion = 10.0.40219.1
Project("{FAE04EC0-301F-11D3-BF4B-00C04F79EFBC}") = "SV.Framework.Inventory", "SV.Framework.Inventory.csproj", "{DB33C322-62BD-4745-9156-C099025107EB}"
EndProject
Global
	GlobalSection(SolutionConfigurationPlatforms) = preSolution
		Debug|Any CPU = Debug|Any CPU
		Release|Any CPU = Release|Any CPU
	EndGlobalSection
	GlobalSection(ProjectConfigurationPlatforms) = postSolution
		{DB33C322-62BD-4745-9156-C099025107EB}.Debug|Any CPU.ActiveCfg = Debug|Any CPU
		{DB33C322-62BD-4745-9156-C099025107EB}.Debug|Any CPU.Build.0 = Debug|Any CPU
		{DB33C322-62BD-4745-9156-C099025107EB}.Release|Any CPU.ActiveCfg = Release|Any CPU
		{DB33C322-62BD-4745-9156-C099025107EB}.Release|Any CPU.Build.0 = Release|Any CPU
	EndGlobalSection
	GlobalSection(SolutionProperties) = preSolution
		HideSolutionNode = FALSE
	EndGlobalSection
	GlobalSection(ExtensibilityGlobals) = postSolution
		SolutionGuid = {94CB8968-DAB1-4017-8D98-FCE8AE1342FD}
	EndGlobalSection
EndGlobal
